
Microsoft Visual Studio Solution File, Format Version 12.00
# Visual Studio Version 17
VisualStudioVersion = 17.0.31903.59
MinimumVisualStudioVersion = 10.0.40219.1
Project("{2150E333-8FDC-42A3-9474-1A3956D46DE8}") = "src", "src", "{827E0CD3-B72D-47B6-A68D-7590B98EB39B}"
EndProject
Project("{FAE04EC0-301F-11D3-BF4B-00C04F79EFBC}") = "MechanicLtda.Domain", "src\MechanicLtda.Domain\MechanicLtda.Domain.csproj", "{DD4B6B85-CCAB-4607-8D58-DB281E7E4E5C}"
EndProject
Project("{FAE04EC0-301F-11D3-BF4B-00C04F79EFBC}") = "MechanicLtda.Application", "src\MechanicLtda.Application\MechanicLtda.Application.csproj", "{BBDC4FC3-5AE6-41B6-8CCA-486DFE24A3D7}"
EndProject
Project("{FAE04EC0-301F-11D3-BF4B-00C04F79EFBC}") = "MechanicLtda.Infrastructure", "src\MechanicLtda.Infrastructure\MechanicLtda.Infrastructure.csproj", "{53F128EA-E743-430A-A0EE-9FE9770EA2FD}"
EndProject
Project("{FAE04EC0-301F-11D3-BF4B-00C04F79EFBC}") = "MechanicLtda.API", "src\MechanicLtda.API\MechanicLtda.API.csproj", "{3EE7C21A-B3AE-4BAB-A063-2527CA1960D4}"
EndProject
Project("{2150E333-8FDC-42A3-9474-1A3956D46DE8}") = "tests", "tests", "{0AB3BF05-4346-4AA6-1389-037BE0695223}"
EndProject
Project("{FAE04EC0-301F-11D3-BF4B-00C04F79EFBC}") = "MechanicLtda.Domain.Tests", "tests\MechanicLtda.Domain.Tests\MechanicLtda.Domain.Tests.csproj", "{A7FD4246-CA91-499F-8EC8-FBD5CC74F041}"
EndProject
Project("{FAE04EC0-301F-11D3-BF4B-00C04F79EFBC}") = "MechanicLtda.Application.Tests", "tests\MechanicLtda.Application.Tests\MechanicLtda.Application.Tests.csproj", "{BE399815-086A-4118-983D-2A4CBEA2BC38}"
EndProject
Project("{FAE04EC0-301F-11D3-BF4B-00C04F79EFBC}") = "MechanicLtda.API.IntegrationTests", "tests\MechanicLtda.API.IntegrationTests\MechanicLtda.API.IntegrationTests.csproj", "{7C85E635-593E-4D72-9CF9-C753EE53EFB5}"
EndProject
Project("{FAE04EC0-301F-11D3-BF4B-00C04F79EFBC}") = "MechanicLtda.Web", "src\MechanicLtda.Web\MechanicLtda.Web.csproj", "{7727146C-632B-4661-A829-ED502A25A71C}"
EndProject
Global
	GlobalSection(SolutionConfigurationPlatforms) = preSolution
		Debug|Any CPU = Debug|Any CPU
		Debug|x64 = Debug|x64
		Debug|x86 = Debug|x86
		Release|Any CPU = Release|Any CPU
		Release|x64 = Release|x64
		Release|x86 = Release|x86
	EndGlobalSection
	GlobalSection(ProjectConfigurationPlatforms) = postSolution
		{DD4B6B85-CCAB-4607-8D58-DB281E7E4E5C}.Debug|Any CPU.ActiveCfg = Debug|Any CPU
		{DD4B6B85-CCAB-4607-8D58-DB281E7E4E5C}.Debug|Any CPU.Build.0 = Debug|Any CPU
		{DD4B6B85-CCAB-4607-8D58-DB281E7E4E5C}.Debug|x64.ActiveCfg = Debug|Any CPU
		{DD4B6B85-CCAB-4607-8D58-DB281E7E4E5C}.Debug|x64.Build.0 = Debug|Any CPU
		{DD4B6B85-CCAB-4607-8D58-DB281E7E4E5C}.Debug|x86.ActiveCfg = Debug|Any CPU
		{DD4B6B85-CCAB-4607-8D58-DB281E7E4E5C}.Debug|x86.Build.0 = Debug|Any CPU
		{DD4B6B85-CCAB-4607-8D58-DB281E7E4E5C}.Release|Any CPU.ActiveCfg = Release|Any CPU
		{DD4B6B85-CCAB-4607-8D58-DB281E7E4E5C}.Release|Any CPU.Build.0 = Release|Any CPU
		{DD4B6B85-CCAB-4607-8D58-DB281E7E4E5C}.Release|x64.ActiveCfg = Release|Any CPU
		{DD4B6B85-CCAB-4607-8D58-DB281E7E4E5C}.Release|x64.Build.0 = Release|Any CPU
		{DD4B6B85-CCAB-4607-8D58-DB281E7E4E5C}.Release|x86.ActiveCfg = Release|Any CPU
		{DD4B6B85-CCAB-4607-8D58-DB281E7E4E5C}.Release|x86.Build.0 = Release|Any CPU
		{BBDC4FC3-5AE6-41B6-8CCA-486DFE24A3D7}.Debug|Any CPU.ActiveCfg = Debug|Any CPU
		{BBDC4FC3-5AE6-41B6-8CCA-486DFE24A3D7}.Debug|Any CPU.Build.0 = Debug|Any CPU
		{BBDC4FC3-5AE6-41B6-8CCA-486DFE24A3D7}.Debug|x64.ActiveCfg = Debug|Any CPU
		{BBDC4FC3-5AE6-41B6-8CCA-486DFE24A3D7}.Debug|x64.Build.0 = Debug|Any CPU
		{BBDC4FC3-5AE6-41B6-8CCA-486DFE24A3D7}.Debug|x86.ActiveCfg = Debug|Any CPU
		{BBDC4FC3-5AE6-41B6-8CCA-486DFE24A3D7}.Debug|x86.Build.0 = Debug|Any CPU
		{BBDC4FC3-5AE6-41B6-8CCA-486DFE24A3D7}.Release|Any CPU.ActiveCfg = Release|Any CPU
		{BBDC4FC3-5AE6-41B6-8CCA-486DFE24A3D7}.Release|Any CPU.Build.0 = Release|Any CPU
		{BBDC4FC3-5AE6-41B6-8CCA-486DFE24A3D7}.Release|x64.ActiveCfg = Release|Any CPU
		{BBDC4FC3-5AE6-41B6-8CCA-486DFE24A3D7}.Release|x64.Build.0 = Release|Any CPU
		{BBDC4FC3-5AE6-41B6-8CCA-486DFE24A3D7}.Release|x86.ActiveCfg = Release|Any CPU
		{BBDC4FC3-5AE6-41B6-8CCA-486DFE24A3D7}.Release|x86.Build.0 = Release|Any CPU
		{53F128EA-E743-430A-A0EE-9FE9770EA2FD}.Debug|Any CPU.ActiveCfg = Debug|Any CPU
		{53F128EA-E743-430A-A0EE-9FE9770EA2FD}.Debug|Any CPU.Build.0 = Debug|Any CPU
		{53F128EA-E743-430A-A0EE-9FE9770EA2FD}.Debug|x64.ActiveCfg = Debug|Any CPU
		{53F128EA-E743-430A-A0EE-9FE9770EA2FD}.Debug|x64.Build.0 = Debug|Any CPU
		{53F128EA-E743-430A-A0EE-9FE9770EA2FD}.Debug|x86.ActiveCfg = Debug|Any CPU
		{53F128EA-E743-430A-A0EE-9FE9770EA2FD}.Debug|x86.Build.0 = Debug|Any CPU
		{53F128EA-E743-430A-A0EE-9FE9770EA2FD}.Release|Any CPU.ActiveCfg = Release|Any CPU
		{53F128EA-E743-430A-A0EE-9FE9770EA2FD}.Release|Any CPU.Build.0 = Release|Any CPU
		{53F128EA-E743-430A-A0EE-9FE9770EA2FD}.Release|x64.ActiveCfg = Release|Any CPU
		{53F128EA-E743-430A-A0EE-9FE9770EA2FD}.Release|x64.Build.0 = Release|Any CPU
		{53F128EA-E743-430A-A0EE-9FE9770EA2FD}.Release|x86.ActiveCfg = Release|Any CPU
		{53F128EA-E743-430A-A0EE-9FE9770EA2FD}.Release|x86.Build.0 = Release|Any CPU
		{3EE7C21A-B3AE-4BAB-A063-2527CA1960D4}.Debug|Any CPU.ActiveCfg = Debug|Any CPU
		{3EE7C21A-B3AE-4BAB-A063-2527CA1960D4}.Debug|Any CPU.Build.0 = Debug|Any CPU
		{3EE7C21A-B3AE-4BAB-A063-2527CA1960D4}.Debug|x64.ActiveCfg = Debug|Any CPU
		{3EE7C21A-B3AE-4BAB-A063-2527CA1960D4}.Debug|x64.Build.0 = Debug|Any CPU
		{3EE7C21A-B3AE-4BAB-A063-2527CA1960D4}.Debug|x86.ActiveCfg = Debug|Any CPU
		{3EE7C21A-B3AE-4BAB-A063-2527CA1960D4}.Debug|x86.Build.0 = Debug|Any CPU
		{3EE7C21A-B3AE-4BAB-A063-2527CA1960D4}.Release|Any CPU.ActiveCfg = Release|Any CPU
		{3EE7C21A-B3AE-4BAB-A063-2527CA1960D4}.Release|Any CPU.Build.0 = Release|Any CPU
		{3EE7C21A-B3AE-4BAB-A063-2527CA1960D4}.Release|x64.ActiveCfg = Release|Any CPU
		{3EE7C21A-B3AE-4BAB-A063-2527CA1960D4}.Release|x64.Build.0 = Release|Any CPU
		{3EE7C21A-B3AE-4BAB-A063-2527CA1960D4}.Release|x86.ActiveCfg = Release|Any CPU
		{3EE7C21A-B3AE-4BAB-A063-2527CA1960D4}.Release|x86.Build.0 = Release|Any CPU
		{A7FD4246-CA91-499F-8EC8-FBD5CC74F041}.Debug|Any CPU.ActiveCfg = Debug|Any CPU
		{A7FD4246-CA91-499F-8EC8-FBD5CC74F041}.Debug|Any CPU.Build.0 = Debug|Any CPU
		{A7FD4246-CA91-499F-8EC8-FBD5CC74F041}.Debug|x64.ActiveCfg = Debug|Any CPU
		{A7FD4246-CA91-499F-8EC8-FBD5CC74F041}.Debug|x64.Build.0 = Debug|Any CPU
		{A7FD4246-CA91-499F-8EC8-FBD5CC74F041}.Debug|x86.ActiveCfg = Debug|Any CPU
		{A7FD4246-CA91-499F-8EC8-FBD5CC74F041}.Debug|x86.Build.0 = Debug|Any CPU
		{A7FD4246-CA91-499F-8EC8-FBD5CC74F041}.Release|Any CPU.ActiveCfg = Release|Any CPU
		{A7FD4246-CA91-499F-8EC8-FBD5CC74F041}.Release|Any CPU.Build.0 = Release|Any CPU
		{A7FD4246-CA91-499F-8EC8-FBD5CC74F041}.Release|x64.ActiveCfg = Release|Any CPU
		{A7FD4246-CA91-499F-8EC8-FBD5CC74F041}.Release|x64.Build.0 = Release|Any CPU
		{A7FD4246-CA91-499F-8EC8-FBD5CC74F041}.Release|x86.ActiveCfg = Release|Any CPU
		{A7FD4246-CA91-499F-8EC8-FBD5CC74F041}.Release|x86.Build.0 = Release|Any CPU
		{BE399815-086A-4118-983D-2A4CBEA2BC38}.Debug|Any CPU.ActiveCfg = Debug|Any CPU
		{BE399815-086A-4118-983D-2A4CBEA2BC38}.Debug|Any CPU.Build.0 = Debug|Any CPU
		{BE399815-086A-4118-983D-2A4CBEA2BC38}.Debug|x64.ActiveCfg = Debug|Any CPU
		{BE399815-086A-4118-983D-2A4CBEA2BC38}.Debug|x64.Build.0 = Debug|Any CPU
		{BE399815-086A-4118-983D-2A4CBEA2BC38}.Debug|x86.ActiveCfg = Debug|Any CPU
		{BE399815-086A-4118-983D-2A4CBEA2BC38}.Debug|x86.Build.0 = Debug|Any CPU
		{BE399815-086A-4118-983D-2A4CBEA2BC38}.Release|Any CPU.ActiveCfg = Release|Any CPU
		{BE399815-086A-4118-983D-2A4CBEA2BC38}.Release|Any CPU.Build.0 = Release|Any CPU
		{BE399815-086A-4118-983D-2A4CBEA2BC38}.Release|x64.ActiveCfg = Release|Any CPU
		{BE399815-086A-4118-983D-2A4CBEA2BC38}.Release|x64.Build.0 = Release|Any CPU
		{BE399815-086A-4118-983D-2A4CBEA2BC38}.Release|x86.ActiveCfg = Release|Any CPU
		{BE399815-086A-4118-983D-2A4CBEA2BC38}.Release|x86.Build.0 = Release|Any CPU
		{7C85E635-593E-4D72-9CF9-C753EE53EFB5}.Debug|Any CPU.ActiveCfg = Debug|Any CPU
		{7C85E635-593E-4D72-9CF9-C753EE53EFB5}.Debug|Any CPU.Build.0 = Debug|Any CPU
		{7C85E635-593E-4D72-9CF9-C753EE53EFB5}.Debug|x64.ActiveCfg = Debug|Any CPU
		{7C85E635-593E-4D72-9CF9-C753EE53EFB5}.Debug|x64.Build.0 = Debug|Any CPU
		{7C85E635-593E-4D72-9CF9-C753EE53EFB5}.Debug|x86.ActiveCfg = Debug|Any CPU
		{7C85E635-593E-4D72-9CF9-C753EE53EFB5}.Debug|x86.Build.0 = Debug|Any CPU
		{7C85E635-593E-4D72-9CF9-C753EE53EFB5}.Release|Any CPU.ActiveCfg = Release|Any CPU
		{7C85E635-593E-4D72-9CF9-C753EE53EFB5}.Release|Any CPU.Build.0 = Release|Any CPU
		{7C85E635-593E-4D72-9CF9-C753EE53EFB5}.Release|x64.ActiveCfg = Release|Any CPU
		{7C85E635-593E-4D72-9CF9-C753EE53EFB5}.Release|x64.Build.0 = Release|Any CPU
		{7C85E635-593E-4D72-9CF9-C753EE53EFB5}.Release|x86.ActiveCfg = Release|Any CPU
		{7C85E635-593E-4D72-9CF9-C753EE53EFB5}.Release|x86.Build.0 = Release|Any CPU
		{7727146C-632B-4661-A829-ED502A25A71C}.Debug|Any CPU.ActiveCfg = Debug|Any CPU
		{7727146C-632B-4661-A829-ED502A25A71C}.Debug|Any CPU.Build.0 = Debug|Any CPU
		{7727146C-632B-4661-A829-ED502A25A71C}.Debug|x64.ActiveCfg = Debug|Any CPU
		{7727146C-632B-4661-A829-ED502A25A71C}.Debug|x64.Build.0 = Debug|Any CPU
		{7727146C-632B-4661-A829-ED502A25A71C}.Debug|x86.ActiveCfg = Debug|Any CPU
		{7727146C-632B-4661-A829-ED502A25A71C}.Debug|x86.Build.0 = Debug|Any CPU
		{7727146C-632B-4661-A829-ED502A25A71C}.Release|Any CPU.ActiveCfg = Release|Any CPU
		{7727146C-632B-4661-A829-ED502A25A71C}.Release|Any CPU.Build.0 = Release|Any CPU
		{7727146C-632B-4661-A829-ED502A25A71C}.Release|x64.ActiveCfg = Release|Any CPU
		{7727146C-632B-4661-A829-ED502A25A71C}.Release|x64.Build.0 = Release|Any CPU
		{7727146C-632B-4661-A829-ED502A25A71C}.Release|x86.ActiveCfg = Release|Any CPU
		{7727146C-632B-4661-A829-ED502A25A71C}.Release|x86.Build.0 = Release|Any CPU
	EndGlobalSection
	GlobalSection(SolutionProperties) = preSolution
		HideSolutionNode = FALSE
	EndGlobalSection
	GlobalSection(NestedProjects) = preSolution
		{DD4B6B85-CCAB-4607-8D58-DB281E7E4E5C} = {827E0CD3-B72D-47B6-A68D-7590B98EB39B}
		{BBDC4FC3-5AE6-41B6-8CCA-486DFE24A3D7} = {827E0CD3-B72D-47B6-A68D-7590B98EB39B}
		{53F128EA-E743-430A-A0EE-9FE9770EA2FD} = {827E0CD3-B72D-47B6-A68D-7590B98EB39B}
		{3EE7C21A-B3AE-4BAB-A063-2527CA1960D4} = {827E0CD3-B72D-47B6-A68D-7590B98EB39B}
		{A7FD4246-CA91-499F-8EC8-FBD5CC74F041} = {0AB3BF05-4346-4AA6-1389-037BE0695223}
		{BE399815-086A-4118-983D-2A4CBEA2BC38} = {0AB3BF05-4346-4AA6-1389-037BE0695223}
		{7C85E635-593E-4D72-9CF9-C753EE53EFB5} = {0AB3BF05-4346-4AA6-1389-037BE0695223}
		{7727146C-632B-4661-A829-ED502A25A71C} = {827E0CD3-B72D-47B6-A68D-7590B98EB39B}
	EndGlobalSection
EndGlobal
